{
  "name": "express-test",
  "version": "1.0.0",
  "lockfileVersion": 1,
  "requires": true,
  "dependencies": {
    "accepts": {
      "version": "1.3.5",
      "resolved": "https://npm.apple.com/accepts/-/accepts-1.3.5.tgz",
      "integrity": "sha1-63d99gEXI6OxTopywIBcjoZ0a9I=",
      "requires": {
        "mime-types": "2.1.18",
        "negotiator": "0.6.1"
      }
    },
    "acorn": {
      "version": "5.7.1",
      "resolved": "https://npm.apple.com/acorn/-/acorn-5.7.1.tgz",
      "integrity": "sha1-8JWCkpdwanyXdpWMCvyJMKm52dg="
    },
    "acorn-babel": {
      "version": "0.11.1-38",
      "resolved": "https://npm.apple.com/acorn-babel/-/acorn-babel-0.11.1-38.tgz",
      "integrity": "sha1-bPewwHkaEaBe9gIL8G7zSzAIZ2g="
    },
    "amdefine": {
      "version": "1.0.1",
      "resolved": "https://npm.apple.com/amdefine/-/amdefine-1.0.1.tgz",
      "integrity": "sha1-SlKCrBZHKek2Gbz9OtFR+BfOkfU="
    },
    "ansi-regex": {
      "version": "2.1.1",
      "resolved": "https://npm.apple.com/ansi-regex/-/ansi-regex-2.1.1.tgz",
      "integrity": "sha1-w7M6te42DYbg5ijwRorn7yfWVN8="
    },
    "ansi-styles": {
      "version": "3.2.1",
      "resolved": "https://npm.apple.com/ansi-styles/-/ansi-styles-3.2.1.tgz",
      "integrity": "sha1-QfuyAkPlCxK+DwS43tvwdSDOhB0=",
      "requires": {
        "color-convert": "1.9.2"
      }
    },
    "array-flatten": {
      "version": "1.1.1",
      "resolved": "https://npm.apple.com/array-flatten/-/array-flatten-1.1.1.tgz",
      "integrity": "sha1-ml9pkFGx5wczKPKgCJaLZOopVdI="
    },
    "ast-types": {
      "version": "0.7.8",
      "resolved": "https://npm.apple.com/ast-types/-/ast-types-0.7.8.tgz",
      "integrity": "sha1-kC0uDWDQcb3NRtwRXhgJ7RHBOKk="
    },
    "async": {
      "version": "2.6.1",
      "resolved": "https://npm.apple.com/async/-/async-2.6.1.tgz",
      "integrity": "sha1-skWiPKcZMAROxT+kaqAKPofGphA=",
      "requires": {
        "lodash": "4.17.10"
      },
      "dependencies": {
        "lodash": {
          "version": "4.17.10",
          "resolved": "https://npm.apple.com/lodash/-/lodash-4.17.10.tgz",
          "integrity": "sha1-G3eTz3JZ6jj7NmHU04syYK+K5Oc="
        }
      }
    },
    "async-each": {
      "version": "0.1.6",
      "resolved": "https://npm.apple.com/async-each/-/async-each-0.1.6.tgz",
      "integrity": "sha1-tn6Z7c3fllQeRK9WKQzX1cbnBDk="
    },
    "babel": {
      "version": "4.7.16",
      "resolved": "https://npm.apple.com/babel/-/babel-4.7.16.tgz",
      "integrity": "sha1-brjS46BstB+N0EpYeVixnEc0i4M=",
      "requires": {
        "acorn-babel": "0.11.1-38",
        "ast-types": "0.7.8",
        "chalk": "1.1.3",
        "chokidar": "0.12.6",
        "commander": "2.16.0",
        "convert-source-map": "0.5.1",
        "core-js": "0.6.1",
        "debug": "2.6.9",
        "detect-indent": "3.0.1",
        "estraverse": "1.9.3",
        "esutils": "1.1.6",
        "fs-readdir-recursive": "0.1.2",
        "globals": "6.4.1",
        "is-integer": "1.0.7",
        "js-tokens": "1.0.0",
        "leven": "1.0.2",
        "line-numbers": "0.2.0",
        "lodash": "3.10.1",
        "output-file-sync": "1.1.2",
        "path-is-absolute": "1.0.1",
        "private": "0.1.8",
        "regenerator-babel": "0.8.13-2",
        "regexpu": "1.3.0",
        "repeating": "1.1.3",
        "shebang-regex": "1.0.0",
        "slash": "1.0.0",
        "source-map": "0.4.4",
        "source-map-support": "0.2.10",
        "to-fast-properties": "1.0.3",
        "trim-right": "1.0.1"
      },
      "dependencies": {
        "ansi-styles": {
          "version": "2.2.1",
          "resolved": "https://npm.apple.com/ansi-styles/-/ansi-styles-2.2.1.tgz",
          "integrity": "sha1-tDLdM1i2NM914eRmQ2gkBTPB3b4="
        },
        "chalk": {
          "version": "1.1.3",
          "resolved": "https://npm.apple.com/chalk/-/chalk-1.1.3.tgz",
          "integrity": "sha1-qBFcVeSnAv5NFQq9OHKCKn4J/Jg=",
          "requires": {
            "ansi-styles": "2.2.1",
            "escape-string-regexp": "1.0.5",
            "has-ansi": "2.0.0",
            "strip-ansi": "3.0.1",
            "supports-color": "2.0.0"
          }
        },
        "supports-color": {
          "version": "2.0.0",
          "resolved": "https://npm.apple.com/supports-color/-/supports-color-2.0.0.tgz",
          "integrity": "sha1-U10EXOa2Nj+kARcIRimZXp3zJMc="
        }
      }
    },
    "balanced-match": {
      "version": "1.0.0",
      "resolved": "https://npm.apple.com/balanced-match/-/balanced-match-1.0.0.tgz",
      "integrity": "sha1-ibTRmasr7kneFk6gK4nORi1xt2c="
    },
    "basic-auth": {
      "version": "2.0.0",
      "resolved": "https://registry.npmjs.org/basic-auth/-/basic-auth-2.0.0.tgz",
      "integrity": "sha1-AV2z81PgLlY3d1X5YnQuiYHnu7o=",
      "requires": {
        "safe-buffer": "5.1.1"
      }
    },
    "bluebird": {
      "version": "3.5.0",
      "resolved": "https://npm.apple.com/bluebird/-/bluebird-3.5.0.tgz",
      "integrity": "sha1-eRQg1/VR7qKJdFOop3ZT+WYG1nw="
    },
    "body-parser": {
      "version": "1.18.2",
      "resolved": "https://npm.apple.com/body-parser/-/body-parser-1.18.2.tgz",
      "integrity": "sha1-h2eKGdhLR9hZuDGZvVm84iKxBFQ=",
      "requires": {
        "bytes": "3.0.0",
        "content-type": "1.0.4",
        "debug": "2.6.9",
        "depd": "1.1.2",
        "http-errors": "1.6.3",
        "iconv-lite": "0.4.19",
        "on-finished": "2.3.0",
        "qs": "6.5.1",
        "raw-body": "2.3.2",
        "type-is": "1.6.16"
      }
    },
    "brace-expansion": {
      "version": "1.1.11",
      "resolved": "https://npm.apple.com/brace-expansion/-/brace-expansion-1.1.11.tgz",
      "integrity": "sha1-PH/L9SnYcibz0vUrlm/1Jx60Qd0=",
      "requires": {
        "balanced-match": "1.0.0",
        "concat-map": "0.0.1"
      }
    },
    "bson": {
      "version": "1.0.9",
      "resolved": "https://npm.apple.com/bson/-/bson-1.0.9.tgz",
      "integrity": "sha1-EjGfgyOxJUc5t8a++NPomuBaL1c="
    },
    "bytes": {
      "version": "3.0.0",
      "resolved": "https://npm.apple.com/bytes/-/bytes-3.0.0.tgz",
      "integrity": "sha1-0ygVQE1olpn4Wk6k+odV3ROpYEg="
    },
    "chalk": {
      "version": "2.4.1",
      "resolved": "https://npm.apple.com/chalk/-/chalk-2.4.1.tgz",
      "integrity": "sha1-GMSasWoDe26wFSzIPjRxM4IVtm4=",
      "requires": {
        "ansi-styles": "3.2.1",
        "escape-string-regexp": "1.0.5",
        "supports-color": "5.4.0"
      }
    },
    "chokidar": {
      "version": "0.12.6",
      "resolved": "https://npm.apple.com/chokidar/-/chokidar-0.12.6.tgz",
      "integrity": "sha1-viBPW5Y04AkxElbl1ujg5QgoTS8=",
      "requires": {
        "async-each": "0.1.6",
        "fsevents": "0.3.8",
        "readdirp": "1.3.0"
      }
    },
    "color": {
      "version": "0.8.0",
      "resolved": "https://registry.npmjs.org/color/-/color-0.8.0.tgz",
      "integrity": "sha1-iQwHw/1OZJU3Y4kRz2keVFi2/KU=",
      "requires": {
        "color-convert": "0.5.3",
        "color-string": "0.3.0"
      },
      "dependencies": {
        "color-convert": {
          "version": "0.5.3",
          "resolved": "https://registry.npmjs.org/color-convert/-/color-convert-0.5.3.tgz",
          "integrity": "sha1-vbbGnOZg+t/+CwAHzER+G59ygr0="
        }
      }
    },
    "color-convert": {
      "version": "1.9.2",
      "resolved": "https://npm.apple.com/color-convert/-/color-convert-1.9.2.tgz",
      "integrity": "sha1-SYgbj7pn3xKpa98/VsCqueeRMUc=",
      "requires": {
        "color-name": "1.1.1"
      }
    },
    "color-name": {
      "version": "1.1.1",
      "resolved": "https://npm.apple.com/color-name/-/color-name-1.1.1.tgz",
      "integrity": "sha1-SxQVMEz1ACjqgWQ2Q72C6gWANok="
    },
    "color-string": {
      "version": "0.3.0",
      "resolved": "https://registry.npmjs.org/color-string/-/color-string-0.3.0.tgz",
      "integrity": "sha1-J9RvtnAlxcL6JZk7+/V55HhBuZE=",
      "requires": {
        "color-name": "1.1.1"
      }
    },
    "colornames": {
      "version": "0.0.2",
      "resolved": "https://registry.npmjs.org/colornames/-/colornames-0.0.2.tgz",
      "integrity": "sha1-2BH9bIT1kClJmorEQ2ICk1uSvjE="
    },
    "colors": {
      "version": "1.3.0",
      "resolved": "https://registry.npmjs.org/colors/-/colors-1.3.0.tgz",
      "integrity": "sha512-EDpX3a7wHMWFA7PUHWPHNWqOxIIRSJetuwl0AS5Oi/5FMV8kWm69RTlgm00GKjBO1xFHMtBbL49yRtMMdticBw=="
    },
    "colorspace": {
      "version": "1.0.1",
      "resolved": "https://registry.npmjs.org/colorspace/-/colorspace-1.0.1.tgz",
      "integrity": "sha1-yZx5btMRKLmHalLh7l7gOkpxl0k=",
      "requires": {
        "color": "0.8.0",
        "text-hex": "0.0.0"
      }
    },
    "commander": {
      "version": "2.16.0",
      "resolved": "https://npm.apple.com/commander/-/commander-2.16.0.tgz",
      "integrity": "sha1-8WOQWTmWzrTz7rAgsx14Uo9/ilA="
    },
    "commoner": {
      "version": "0.10.8",
      "resolved": "https://npm.apple.com/commoner/-/commoner-0.10.8.tgz",
      "integrity": "sha1-NPw2cs0kOT6LtH5wyqApOBH08sU=",
      "requires": {
        "commander": "2.16.0",
        "detective": "4.7.1",
        "glob": "5.0.15",
        "graceful-fs": "4.1.11",
        "iconv-lite": "0.4.19",
        "mkdirp": "0.5.1",
        "private": "0.1.8",
        "q": "1.5.1",
        "recast": "0.11.23"
      },
      "dependencies": {
        "graceful-fs": {
          "version": "4.1.11",
          "resolved": "https://npm.apple.com/graceful-fs/-/graceful-fs-4.1.11.tgz",
          "integrity": "sha1-Dovf5NHduIVNZOBOp8AOKgJuVlg="
        }
      }
    },
    "concat-map": {
      "version": "0.0.1",
      "resolved": "https://npm.apple.com/concat-map/-/concat-map-0.0.1.tgz",
      "integrity": "sha1-2Klr13/Wjfd5OnMDajug1UBdR3s="
    },
    "content-disposition": {
      "version": "0.5.2",
      "resolved": "https://npm.apple.com/content-disposition/-/content-disposition-0.5.2.tgz",
      "integrity": "sha1-DPaLud318r55YcOoUXjLhdunjLQ="
    },
    "content-type": {
      "version": "1.0.4",
      "resolved": "https://npm.apple.com/content-type/-/content-type-1.0.4.tgz",
      "integrity": "sha1-4TjMdeBAxyexlm/l5fjJruJW/js="
    },
    "convert-source-map": {
      "version": "0.5.1",
      "resolved": "https://npm.apple.com/convert-source-map/-/convert-source-map-0.5.1.tgz",
      "integrity": "sha1-vrgPOyLeBf1FkUEPSUvOvmNKBX4="
    },
    "cookie": {
      "version": "0.3.1",
      "resolved": "https://npm.apple.com/cookie/-/cookie-0.3.1.tgz",
      "integrity": "sha1-5+Ch+e9DtMi6klxcWpboBtFoc7s="
    },
    "cookie-signature": {
      "version": "1.0.6",
      "resolved": "https://npm.apple.com/cookie-signature/-/cookie-signature-1.0.6.tgz",
      "integrity": "sha1-4wOogrNCzD7oylE6eZmXNNqzriw="
    },
    "core-js": {
      "version": "0.6.1",
      "resolved": "https://npm.apple.com/core-js/-/core-js-0.6.1.tgz",
      "integrity": "sha1-G0lwhz6BAb+MQ1rwlfqpAk9Lm1g="
    },
    "core-util-is": {
      "version": "1.0.2",
      "resolved": "https://npm.apple.com/core-util-is/-/core-util-is-1.0.2.tgz",
      "integrity": "sha1-tf1UIgqivFq1eqtxQMlAdUUDwac="
    },
    "debug": {
      "version": "2.6.9",
      "resolved": "https://npm.apple.com/debug/-/debug-2.6.9.tgz",
      "integrity": "sha1-XRKFFd8TT/Mn6QpMk/Tgd6U2NB8=",
      "requires": {
        "ms": "2.0.0"
      }
    },
    "defined": {
      "version": "1.0.0",
      "resolved": "https://npm.apple.com/defined/-/defined-1.0.0.tgz",
      "integrity": "sha1-yY2bzvdWdBiOEQlpFRGZ45sfppM="
    },
    "depd": {
      "version": "1.1.2",
      "resolved": "https://npm.apple.com/depd/-/depd-1.1.2.tgz",
      "integrity": "sha1-m81S4UwJd2PnSbJ0xDRu0uVgtak="
    },
    "destroy": {
      "version": "1.0.4",
      "resolved": "https://npm.apple.com/destroy/-/destroy-1.0.4.tgz",
      "integrity": "sha1-l4hXRCxEdJ5CBmE+N5RiBYJqvYA="
    },
    "detect-indent": {
      "version": "3.0.1",
      "resolved": "https://npm.apple.com/detect-indent/-/detect-indent-3.0.1.tgz",
      "integrity": "sha1-ncXl3bzu+DJXZLlFGwK8bVQIT3U=",
      "requires": {
        "get-stdin": "4.0.1",
        "minimist": "1.2.0",
        "repeating": "1.1.3"
      }
    },
    "detective": {
      "version": "4.7.1",
      "resolved": "https://npm.apple.com/detective/-/detective-4.7.1.tgz",
      "integrity": "sha1-DspzFDOEQv67bWXaVMELscgrJG4=",
      "requires": {
        "acorn": "5.7.1",
        "defined": "1.0.0"
      }
    },
    "diagnostics": {
      "version": "1.1.0",
      "resolved": "https://registry.npmjs.org/diagnostics/-/diagnostics-1.1.0.tgz",
      "integrity": "sha1-4QkJALSVI+hSe+IPCBJ1IF8q42o=",
      "requires": {
        "colorspace": "1.0.1",
        "enabled": "1.0.2",
        "kuler": "0.0.0"
      }
    },
    "dotenv": {
      "version": "6.0.0",
      "resolved": "https://npm.apple.com/dotenv/-/dotenv-6.0.0.tgz",
      "integrity": "sha1-JON8BBdBxfSyUySVjrvDS8qWWTU="
    },
    "ee-first": {
      "version": "1.1.1",
      "resolved": "https://npm.apple.com/ee-first/-/ee-first-1.1.1.tgz",
      "integrity": "sha1-WQxhFWsK4vTwJVcyoViyZrxWsh0="
    },
    "enabled": {
      "version": "1.0.2",
      "resolved": "https://registry.npmjs.org/enabled/-/enabled-1.0.2.tgz",
      "integrity": "sha1-ll9lE9LC0cX0ZStkouM5ZGf8L5M=",
      "requires": {
        "env-variable": "0.0.4"
      }
    },
    "encodeurl": {
      "version": "1.0.2",
      "resolved": "https://npm.apple.com/encodeurl/-/encodeurl-1.0.2.tgz",
      "integrity": "sha1-rT/0yG7C0CkyL1oCw6mmBslbP1k="
    },
    "env-variable": {
      "version": "0.0.4",
      "resolved": "https://registry.npmjs.org/env-variable/-/env-variable-0.0.4.tgz",
      "integrity": "sha512-+jpGxSWG4vr6gVxUHOc4p+ilPnql7NzZxOZBxNldsKGjCF+97df3CbuX7XMaDa5oAVkKQj4rKp38rYdC4VcpDg=="
    },
    "escape-html": {
      "version": "1.0.3",
      "resolved": "https://npm.apple.com/escape-html/-/escape-html-1.0.3.tgz",
      "integrity": "sha1-Aljq5NPQwJdN4cFpGI7wBR0dGYg="
    },
    "escape-string-regexp": {
      "version": "1.0.5",
      "resolved": "https://npm.apple.com/escape-string-regexp/-/escape-string-regexp-1.0.5.tgz",
      "integrity": "sha1-G2HAViGQqN/2rjuyzwIAyhMLhtQ="
    },
    "esprima": {
      "version": "3.1.3",
      "resolved": "https://npm.apple.com/esprima/-/esprima-3.1.3.tgz",
      "integrity": "sha1-/cpRzuYTOJXjyI1TXOSdv/YqRjM="
    },
    "estraverse": {
      "version": "1.9.3",
      "resolved": "https://npm.apple.com/estraverse/-/estraverse-1.9.3.tgz",
      "integrity": "sha1-r2fy3JIlgkFZUJJgkaQAXSnJu0Q="
    },
    "esutils": {
      "version": "1.1.6",
      "resolved": "https://npm.apple.com/esutils/-/esutils-1.1.6.tgz",
      "integrity": "sha1-wBzKqa5LiXxtDD4hCuUvPHqEQ3U="
    },
    "etag": {
      "version": "1.8.1",
      "resolved": "https://npm.apple.com/etag/-/etag-1.8.1.tgz",
      "integrity": "sha1-Qa4u62XvpiJorr/qg6x9eSmbCIc="
    },
    "express": {
      "version": "4.16.3",
      "resolved": "https://npm.apple.com/express/-/express-4.16.3.tgz",
      "integrity": "sha1-avilAjUNsyRuzEvs9rWjTSL37VM=",
      "requires": {
        "accepts": "1.3.5",
        "array-flatten": "1.1.1",
        "body-parser": "1.18.2",
        "content-disposition": "0.5.2",
        "content-type": "1.0.4",
        "cookie": "0.3.1",
        "cookie-signature": "1.0.6",
        "debug": "2.6.9",
        "depd": "1.1.2",
        "encodeurl": "1.0.2",
        "escape-html": "1.0.3",
        "etag": "1.8.1",
        "finalhandler": "1.1.1",
        "fresh": "0.5.2",
        "merge-descriptors": "1.0.1",
        "methods": "1.1.2",
        "on-finished": "2.3.0",
        "parseurl": "1.3.2",
        "path-to-regexp": "0.1.7",
        "proxy-addr": "2.0.3",
        "qs": "6.5.1",
        "range-parser": "1.2.0",
        "safe-buffer": "5.1.1",
        "send": "0.16.2",
        "serve-static": "1.13.2",
        "setprototypeof": "1.1.0",
        "statuses": "1.4.0",
        "type-is": "1.6.16",
        "utils-merge": "1.0.1",
        "vary": "1.1.2"
      }
    },
    "fast-safe-stringify": {
      "version": "2.0.4",
      "resolved": "https://registry.npmjs.org/fast-safe-stringify/-/fast-safe-stringify-2.0.4.tgz",
      "integrity": "sha512-mNlGUdKOeGNleyrmgbKYtbnCr9KZkZXU7eM89JRo8vY10f7Ul1Fbj07hUBW3N4fC0xM+fmfFfa2zM7mIizhpNQ=="
    },
    "fecha": {
      "version": "2.3.3",
      "resolved": "https://registry.npmjs.org/fecha/-/fecha-2.3.3.tgz",
      "integrity": "sha512-lUGBnIamTAwk4znq5BcqsDaxSmZ9nDVJaij6NvRt/Tg4R69gERA+otPKbS86ROw9nxVMw2/mp1fnaiWqbs6Sdg=="
    },
    "finalhandler": {
      "version": "1.1.1",
      "resolved": "https://npm.apple.com/finalhandler/-/finalhandler-1.1.1.tgz",
      "integrity": "sha1-7r9O2EAHnIP0JJA4ydcDAIMBsQU=",
      "requires": {
        "debug": "2.6.9",
        "encodeurl": "1.0.2",
        "escape-html": "1.0.3",
        "on-finished": "2.3.0",
        "parseurl": "1.3.2",
        "statuses": "1.4.0",
        "unpipe": "1.0.0"
      }
    },
    "forwarded": {
      "version": "0.1.2",
      "resolved": "https://npm.apple.com/forwarded/-/forwarded-0.1.2.tgz",
      "integrity": "sha1-mMI9qxF1ZXuMBXPozszZGw/xjIQ="
    },
    "fresh": {
      "version": "0.5.2",
      "resolved": "https://npm.apple.com/fresh/-/fresh-0.5.2.tgz",
      "integrity": "sha1-PYyt2Q2XZWn6g1qx+OSyOhBWBac="
    },
    "fs-readdir-recursive": {
      "version": "0.1.2",
      "resolved": "https://npm.apple.com/fs-readdir-recursive/-/fs-readdir-recursive-0.1.2.tgz",
      "integrity": "sha1-MVtPuMHKW4xH3v7zGdBz2tNWgFk="
    },
    "fsevents": {
      "version": "0.3.8",
      "resolved": "https://npm.apple.com/fsevents/-/fsevents-0.3.8.tgz",
      "integrity": "sha1-mZLxAyySXIKVVNDVmAHcoDE6U1Y=",
      "optional": true,
      "requires": {
        "nan": "2.10.0"
      }
    },
    "get-stdin": {
      "version": "4.0.1",
      "resolved": "https://npm.apple.com/get-stdin/-/get-stdin-4.0.1.tgz",
      "integrity": "sha1-uWjGsKBDhDJJAui/Gl3zJXmkUP4="
    },
    "glob": {
      "version": "5.0.15",
      "resolved": "https://npm.apple.com/glob/-/glob-5.0.15.tgz",
      "integrity": "sha1-G8k2ueAvSmA/zCIuz3Yz0wuLk7E=",
      "requires": {
        "inflight": "1.0.6",
        "inherits": "2.0.3",
        "minimatch": "3.0.4",
        "once": "1.4.0",
        "path-is-absolute": "1.0.1"
      },
      "dependencies": {
        "minimatch": {
          "version": "3.0.4",
          "resolved": "https://npm.apple.com/minimatch/-/minimatch-3.0.4.tgz",
          "integrity": "sha1-UWbihkV/AzBgZL5Ul+jbsMPTIIM=",
          "requires": {
            "brace-expansion": "1.1.11"
          }
        }
      }
    },
    "globals": {
      "version": "6.4.1",
      "resolved": "https://npm.apple.com/globals/-/globals-6.4.1.tgz",
      "integrity": "sha1-hJgDKzttHMge68X3lpDY/in6v08="
    },
    "graceful-fs": {
      "version": "2.0.3",
      "resolved": "https://npm.apple.com/graceful-fs/-/graceful-fs-2.0.3.tgz",
      "integrity": "sha1-fNLNsiiko/Nule+mzBQt59GhNtA="
    },
    "has-ansi": {
      "version": "2.0.0",
      "resolved": "https://npm.apple.com/has-ansi/-/has-ansi-2.0.0.tgz",
      "integrity": "sha1-NPUEnOHs3ysGSa8+8k5F7TVBbZE=",
      "requires": {
        "ansi-regex": "2.1.1"
      }
    },
    "has-flag": {
      "version": "3.0.0",
      "resolved": "https://npm.apple.com/has-flag/-/has-flag-3.0.0.tgz",
      "integrity": "sha1-tdRU3CGZriJWmfNGfloH87lVuv0="
    },
    "http-errors": {
      "version": "1.6.3",
      "resolved": "https://npm.apple.com/http-errors/-/http-errors-1.6.3.tgz",
      "integrity": "sha1-i1VoC7S+KDoLW/TqLjhYC+HZMg0=",
      "requires": {
        "depd": "1.1.2",
        "inherits": "2.0.3",
        "setprototypeof": "1.1.0",
        "statuses": "1.4.0"
      }
    },
    "iconv-lite": {
      "version": "0.4.19",
      "resolved": "https://npm.apple.com/iconv-lite/-/iconv-lite-0.4.19.tgz",
      "integrity": "sha1-90aPYBNfXl2tM5nAqBvpoWA6CCs="
    },
    "inflight": {
      "version": "1.0.6",
      "resolved": "https://npm.apple.com/inflight/-/inflight-1.0.6.tgz",
      "integrity": "sha1-Sb1jMdfQLQwJvJEKEHW6gWW1bfk=",
      "requires": {
        "once": "1.4.0",
        "wrappy": "1.0.2"
      }
    },
    "inherits": {
      "version": "2.0.3",
      "resolved": "https://npm.apple.com/inherits/-/inherits-2.0.3.tgz",
      "integrity": "sha1-Yzwsg+PaQqUC9SRmAiSA9CCCYd4="
    },
    "ipaddr.js": {
      "version": "1.6.0",
      "resolved": "https://npm.apple.com/ipaddr.js/-/ipaddr.js-1.6.0.tgz",
      "integrity": "sha1-4/o1e3c9phnybpXwSdBVxyeW+Gs="
    },
    "is-finite": {
      "version": "1.0.2",
      "resolved": "https://npm.apple.com/is-finite/-/is-finite-1.0.2.tgz",
      "integrity": "sha1-zGZ3aVYCvlUO8R6LSqYwU0K20Ko=",
      "requires": {
        "number-is-nan": "1.0.1"
      }
    },
    "is-integer": {
      "version": "1.0.7",
      "resolved": "https://npm.apple.com/is-integer/-/is-integer-1.0.7.tgz",
      "integrity": "sha1-a96Bqs3feLZZtmKdYpytxRqIbVw=",
      "requires": {
        "is-finite": "1.0.2"
      }
    },
    "is-stream": {
      "version": "1.1.0",
      "resolved": "https://registry.npmjs.org/is-stream/-/is-stream-1.1.0.tgz",
      "integrity": "sha1-EtSj3U5o4Lec6428hBc66A2RykQ="
    },
    "isarray": {
      "version": "0.0.1",
      "resolved": "https://npm.apple.com/isarray/-/isarray-0.0.1.tgz",
      "integrity": "sha1-ihis/Kmo9Bd+Cav8YDiTmwXR7t8="
    },
    "js-tokens": {
      "version": "1.0.0",
      "resolved": "https://npm.apple.com/js-tokens/-/js-tokens-1.0.0.tgz",
      "integrity": "sha1-J4sua2jfpMhBavETcKVepAG/TN4="
    },
    "jsesc": {
      "version": "0.5.0",
      "resolved": "https://npm.apple.com/jsesc/-/jsesc-0.5.0.tgz",
      "integrity": "sha1-597mbjXW/Bb3EP6R1c9p9w8IkR0="
    },
    "kareem": {
      "version": "2.2.1",
      "resolved": "https://npm.apple.com/kareem/-/kareem-2.2.1.tgz",
      "integrity": "sha1-mVCAlBWqPN5iq0O097kZ2ZgW4BU="
    },
    "kuler": {
      "version": "0.0.0",
      "resolved": "https://registry.npmjs.org/kuler/-/kuler-0.0.0.tgz",
      "integrity": "sha1-tmu0a5NOVQ9Z2BiEjgq7pPf1VTw=",
      "requires": {
        "colornames": "0.0.2"
      }
    },
    "left-pad": {
      "version": "0.0.3",
      "resolved": "https://npm.apple.com/left-pad/-/left-pad-0.0.3.tgz",
      "integrity": "sha1-BNmbSh6vnl95wF5ddF1T7dGqiqE="
    },
    "leven": {
      "version": "1.0.2",
      "resolved": "https://npm.apple.com/leven/-/leven-1.0.2.tgz",
      "integrity": "sha1-kUS27ryl8dBoAWnxpncNzqYLdcM="
    },
    "line-numbers": {
      "version": "0.2.0",
      "resolved": "https://npm.apple.com/line-numbers/-/line-numbers-0.2.0.tgz",
      "integrity": "sha1-a8AoFJRA5XDUlatQlpKqCL13nG4=",
      "requires": {
        "left-pad": "0.0.3"
      }
    },
    "lodash": {
      "version": "3.10.1",
      "resolved": "https://npm.apple.com/lodash/-/lodash-3.10.1.tgz",
      "integrity": "sha1-W/Rejkm6QYnhfUgnid/RW9FAt7Y="
    },
    "lodash.get": {
      "version": "4.4.2",
      "resolved": "https://npm.apple.com/lodash.get/-/lodash.get-4.4.2.tgz",
      "integrity": "sha1-LRd/ZS+jHpObRDjVNBSZ36OCXpk="
    },
    "logform": {
      "version": "1.9.1",
      "resolved": "https://registry.npmjs.org/logform/-/logform-1.9.1.tgz",
      "integrity": "sha512-ZHrZE8VSf7K3xKxJiQ1aoTBp2yK+cEbFcgarsjzI3nt3nE/3O0heNSppoOQMUJVMZo/xiVwCxiXIabaZApsKNQ==",
      "requires": {
        "colors": "1.3.0",
        "fast-safe-stringify": "2.0.4",
        "fecha": "2.3.3",
        "ms": "2.1.1",
        "triple-beam": "1.3.0"
      },
      "dependencies": {
        "ms": {
          "version": "2.1.1",
          "resolved": "https://registry.npmjs.org/ms/-/ms-2.1.1.tgz",
          "integrity": "sha512-tgp+dl5cGk28utYktBsrFqA7HKgrhgPsg6Z/EfhWI4gl1Hwq8B/GmY/0oXZ6nF8hDVesS/FpnYaD/kOWhYQvyg=="
        }
      }
    },
    "lru-cache": {
      "version": "2.7.3",
      "resolved": "https://npm.apple.com/lru-cache/-/lru-cache-2.7.3.tgz",
      "integrity": "sha1-bUUk6LlV+V1PW1iFHOId1y+06VI="
    },
    "media-typer": {
      "version": "0.3.0",
      "resolved": "https://npm.apple.com/media-typer/-/media-typer-0.3.0.tgz",
      "integrity": "sha1-hxDXrwqmJvj/+hzgAWhUUmMlV0g="
    },
    "merge-descriptors": {
      "version": "1.0.1",
      "resolved": "https://npm.apple.com/merge-descriptors/-/merge-descriptors-1.0.1.tgz",
      "integrity": "sha1-sAqqVW3YtEVoFQ7J0blT8/kMu2E="
    },
    "methods": {
      "version": "1.1.2",
      "resolved": "https://npm.apple.com/methods/-/methods-1.1.2.tgz",
      "integrity": "sha1-VSmk1nZUE07cxSZmVoNbD4Ua/O4="
    },
    "mime": {
      "version": "1.4.1",
      "resolved": "https://npm.apple.com/mime/-/mime-1.4.1.tgz",
      "integrity": "sha1-Eh+evEnjdm8xGnbh+hyAA8SwOqY="
    },
    "mime-db": {
      "version": "1.33.0",
      "resolved": "https://npm.apple.com/mime-db/-/mime-db-1.33.0.tgz",
      "integrity": "sha1-o0kgUKXLm2NFBUHjnZeI0icng9s="
    },
    "mime-types": {
      "version": "2.1.18",
      "resolved": "https://npm.apple.com/mime-types/-/mime-types-2.1.18.tgz",
      "integrity": "sha1-bzI/YKg9ERRvgx/xH9ZuL+VQO7g=",
      "requires": {
        "mime-db": "1.33.0"
      }
    },
    "minimatch": {
      "version": "0.2.14",
      "resolved": "https://npm.apple.com/minimatch/-/minimatch-0.2.14.tgz",
      "integrity": "sha1-x054BXT2PG+aCQ6Q775u9TpqdWo=",
      "requires": {
        "lru-cache": "2.7.3",
        "sigmund": "1.0.1"
      }
    },
    "minimist": {
      "version": "1.2.0",
      "resolved": "https://npm.apple.com/minimist/-/minimist-1.2.0.tgz",
      "integrity": "sha1-o1AIsg9BOD7sH7kU9M1d95omQoQ="
    },
    "mkdirp": {
      "version": "0.5.1",
      "resolved": "https://npm.apple.com/mkdirp/-/mkdirp-0.5.1.tgz",
      "integrity": "sha1-MAV0OOrGz3+MR2fzhkjWaX11yQM=",
      "requires": {
        "minimist": "0.0.8"
      },
      "dependencies": {
        "minimist": {
          "version": "0.0.8",
          "resolved": "https://npm.apple.com/minimist/-/minimist-0.0.8.tgz",
          "integrity": "sha1-hX/Kv8M5fSYluCKCYuhqp6ARsF0="
        }
      }
    },
    "mol-proto": {
      "version": "0.1.15",
      "resolved": "https://npm.apple.com/mol-proto/-/mol-proto-0.1.15.tgz",
      "integrity": "sha1-XxrOu1OyzSr6+2+GA01azjnxq0g="
    },
    "mongodb": {
      "version": "3.1.0",
      "resolved": "https://npm.apple.com/mongodb/-/mongodb-3.1.0.tgz",
      "integrity": "sha1-IM2DY4Gk2KaxxaGUu5yN3oUhY7s=",
      "requires": {
        "mongodb-core": "3.1.0"
      }
    },
    "mongodb-core": {
      "version": "3.1.0",
      "resolved": "https://npm.apple.com/mongodb-core/-/mongodb-core-3.1.0.tgz",
      "integrity": "sha1-r5Hzb9Vg7XhfTmHmlEMt9NNpiq0=",
      "requires": {
        "bson": "1.0.9",
        "require_optional": "1.0.1",
        "saslprep": "1.0.0"
      }
    },
    "mongoose": {
      "version": "5.2.1",
      "resolved": "https://npm.apple.com/mongoose/-/mongoose-5.2.1.tgz",
      "integrity": "sha1-9J1zDSzPI6B//PBczETg38Gdbmo=",
      "requires": {
        "async": "2.6.1",
        "bson": "1.0.9",
        "kareem": "2.2.1",
        "lodash.get": "4.4.2",
        "mongodb": "3.1.0",
        "mongodb-core": "3.1.0",
        "mongoose-legacy-pluralize": "1.0.2",
        "mpath": "0.4.1",
        "mquery": "3.0.0",
        "ms": "2.0.0",
        "regexp-clone": "0.0.1",
        "sliced": "1.0.1"
      }
    },
    "mongoose-legacy-pluralize": {
      "version": "1.0.2",
      "resolved": "https://npm.apple.com/mongoose-legacy-pluralize/-/mongoose-legacy-pluralize-1.0.2.tgz",
      "integrity": "sha1-O6n5H6UHtRhtOZ+0CFS/8Y+1Y+Q="
    },
    "morgan": {
      "version": "1.9.0",
      "resolved": "https://registry.npmjs.org/morgan/-/morgan-1.9.0.tgz",
      "integrity": "sha1-0B+mxlhZt2/PMbPLU6OCGjEdgFE=",
      "requires": {
        "basic-auth": "2.0.0",
        "debug": "2.6.9",
        "depd": "1.1.2",
        "on-finished": "2.3.0",
        "on-headers": "1.0.1"
      }
    },
    "mpath": {
      "version": "0.4.1",
      "resolved": "https://npm.apple.com/mpath/-/mpath-0.4.1.tgz",
      "integrity": "sha1-7RA4hDA4C/e7tb4TkeXWlpywjok="
    },
    "mquery": {
      "version": "3.0.0",
      "resolved": "https://npm.apple.com/mquery/-/mquery-3.0.0.tgz",
      "integrity": "sha1-5fOH26vAubaYWeVQ6BD6q+DOq7A=",
      "requires": {
        "bluebird": "3.5.0",
        "debug": "2.6.9",
        "regexp-clone": "0.0.1",
        "sliced": "0.0.5"
      },
      "dependencies": {
        "sliced": {
          "version": "0.0.5",
          "resolved": "https://npm.apple.com/sliced/-/sliced-0.0.5.tgz",
          "integrity": "sha1-XtwETKTrb3gW1Qui/GPiXY/kcH8="
        }
      }
    },
    "ms": {
      "version": "2.0.0",
      "resolved": "https://npm.apple.com/ms/-/ms-2.0.0.tgz",
      "integrity": "sha1-VgiurfwAvmwpAd9fmGF4jeDVl8g="
    },
    "nan": {
      "version": "2.10.0",
      "resolved": "https://npm.apple.com/nan/-/nan-2.10.0.tgz",
      "integrity": "sha1-ltDNYQ69WNS03pzAxoKM2pnHVI8=",
      "optional": true
    },
    "negotiator": {
      "version": "0.6.1",
      "resolved": "https://npm.apple.com/negotiator/-/negotiator-0.6.1.tgz",
      "integrity": "sha1-KzJxhOiZIQEXeyhWP7XnECrNDKk="
    },
    "node-babel": {
      "version": "0.1.2",
      "resolved": "https://npm.apple.com/node-babel/-/node-babel-0.1.2.tgz",
      "integrity": "sha1-VUiXTWz6e8SKs4exCxG0CIcz2JY=",
      "requires": {
        "babel": "4.7.16",
        "mol-proto": "0.1.15"
      }
    },
    "number-is-nan": {
      "version": "1.0.1",
      "resolved": "https://npm.apple.com/number-is-nan/-/number-is-nan-1.0.1.tgz",
      "integrity": "sha1-CXtgK1NCKlIsGvuHkDGDNpQaAR0="
    },
    "object-assign": {
      "version": "4.1.1",
      "resolved": "https://npm.apple.com/object-assign/-/object-assign-4.1.1.tgz",
      "integrity": "sha1-IQmtx5ZYh8/AXLvUQsrIv7s2CGM="
    },
    "on-finished": {
      "version": "2.3.0",
      "resolved": "https://npm.apple.com/on-finished/-/on-finished-2.3.0.tgz",
      "integrity": "sha1-IPEzZIGwg811M3mSoWlxqi2QaUc=",
      "requires": {
        "ee-first": "1.1.1"
      }
    },
    "on-headers": {
      "version": "1.0.1",
      "resolved": "https://registry.npmjs.org/on-headers/-/on-headers-1.0.1.tgz",
      "integrity": "sha1-ko9dD0cNSTQmUepnlLCFfBAGk/c="
    },
    "once": {
      "version": "1.4.0",
      "resolved": "https://npm.apple.com/once/-/once-1.4.0.tgz",
      "integrity": "sha1-WDsap3WWHUsROsF9nFC6753Xa9E=",
      "requires": {
        "wrappy": "1.0.2"
      }
    },
    "one-time": {
      "version": "0.0.4",
      "resolved": "https://registry.npmjs.org/one-time/-/one-time-0.0.4.tgz",
      "integrity": "sha1-+M33eISCb+Tf+T46nMN7HkSAdC4="
    },
    "output-file-sync": {
      "version": "1.1.2",
      "resolved": "https://npm.apple.com/output-file-sync/-/output-file-sync-1.1.2.tgz",
      "integrity": "sha1-0KM+7+YaIF+suQCS6CZZjVJFznY=",
      "requires": {
        "graceful-fs": "4.1.11",
        "mkdirp": "0.5.1",
        "object-assign": "4.1.1"
      },
      "dependencies": {
        "graceful-fs": {
          "version": "4.1.11",
          "resolved": "https://npm.apple.com/graceful-fs/-/graceful-fs-4.1.11.tgz",
          "integrity": "sha1-Dovf5NHduIVNZOBOp8AOKgJuVlg="
        }
      }
    },
    "parseurl": {
      "version": "1.3.2",
      "resolved": "https://npm.apple.com/parseurl/-/parseurl-1.3.2.tgz",
      "integrity": "sha1-/CidTtiZMRlGDBViUyYs3I3mW/M="
    },
    "path-is-absolute": {
      "version": "1.0.1",
      "resolved": "https://npm.apple.com/path-is-absolute/-/path-is-absolute-1.0.1.tgz",
      "integrity": "sha1-F0uSaHNVNP+8es5r9TpanhtcX18="
    },
    "path-to-regexp": {
      "version": "0.1.7",
      "resolved": "https://npm.apple.com/path-to-regexp/-/path-to-regexp-0.1.7.tgz",
      "integrity": "sha1-32BBeABfUi8V60SQ5yR6G/qmf4w="
    },
    "private": {
      "version": "0.1.8",
      "resolved": "https://npm.apple.com/private/-/private-0.1.8.tgz",
      "integrity": "sha1-I4Hts2ifelPWUxkAYPz4ItLzaP8="
    },
    "process-nextick-args": {
      "version": "2.0.0",
      "resolved": "https://registry.npmjs.org/process-nextick-args/-/process-nextick-args-2.0.0.tgz",
      "integrity": "sha512-MtEC1TqN0EU5nephaJ4rAtThHtC86dNN9qCuEhtshvpVBkAW5ZO7BASN9REnF9eoXGcRub+pFuKEpOHE+HbEMw=="
    },
    "proxy-addr": {
      "version": "2.0.3",
      "resolved": "https://npm.apple.com/proxy-addr/-/proxy-addr-2.0.3.tgz",
      "integrity": "sha1-NV8mJQWmIWRrMTCnKOtkfiIFU0E=",
      "requires": {
        "forwarded": "0.1.2",
        "ipaddr.js": "1.6.0"
      }
    },
    "q": {
      "version": "1.5.1",
      "resolved": "https://npm.apple.com/q/-/q-1.5.1.tgz",
      "integrity": "sha1-fjL3W0E4EpHQRhHxvxQQmsAGUdc="
    },
    "qs": {
      "version": "6.5.1",
      "resolved": "https://npm.apple.com/qs/-/qs-6.5.1.tgz",
      "integrity": "sha1-NJzfbu+J7EXBLX1es/wMhwNDptg="
    },
    "range-parser": {
      "version": "1.2.0",
      "resolved": "https://npm.apple.com/range-parser/-/range-parser-1.2.0.tgz",
      "integrity": "sha1-9JvmtIeJTdxA3MlKMi9hEJLgDV4="
    },
    "raw-body": {
      "version": "2.3.2",
      "resolved": "https://npm.apple.com/raw-body/-/raw-body-2.3.2.tgz",
      "integrity": "sha1-vNYMd9Prk83gBQKVw/N5OJvIj4k=",
      "requires": {
        "bytes": "3.0.0",
        "http-errors": "1.6.2",
        "iconv-lite": "0.4.19",
        "unpipe": "1.0.0"
      },
      "dependencies": {
        "depd": {
          "version": "1.1.1",
          "resolved": "https://npm.apple.com/depd/-/depd-1.1.1.tgz",
          "integrity": "sha1-V4O04cRZ8G+lyif5kfPQbnoxA1k="
        },
        "http-errors": {
          "version": "1.6.2",
          "resolved": "https://npm.apple.com/http-errors/-/http-errors-1.6.2.tgz",
          "integrity": "sha1-CgAsyFcHGSp+eUbO7cERVfYOxzY=",
          "requires": {
            "depd": "1.1.1",
            "inherits": "2.0.3",
            "setprototypeof": "1.0.3",
            "statuses": "1.4.0"
          }
        },
        "setprototypeof": {
          "version": "1.0.3",
          "resolved": "https://npm.apple.com/setprototypeof/-/setprototypeof-1.0.3.tgz",
          "integrity": "sha1-ZlZ+NwQ+608E2RvWWMDL77VbjgQ="
        }
      }
    },
    "readable-stream": {
      "version": "1.0.34",
      "resolved": "https://npm.apple.com/readable-stream/-/readable-stream-1.0.34.tgz",
      "integrity": "sha1-Elgg40vIQtLyqq+v5MKRbuMsFXw=",
      "requires": {
        "core-util-is": "1.0.2",
        "inherits": "2.0.3",
        "isarray": "0.0.1",
        "string_decoder": "0.10.31"
      }
    },
    "readdirp": {
      "version": "1.3.0",
      "resolved": "https://npm.apple.com/readdirp/-/readdirp-1.3.0.tgz",
      "integrity": "sha1-6vGptGO+moGQ/JrhY6oayTSqNAs=",
      "requires": {
        "graceful-fs": "2.0.3",
        "minimatch": "0.2.14",
        "readable-stream": "1.0.34"
      }
    },
    "recast": {
      "version": "0.11.23",
      "resolved": "https://npm.apple.com/recast/-/recast-0.11.23.tgz",
      "integrity": "sha1-RR/TAEqx5N+bTktmN2sqIZEkYtM=",
      "requires": {
        "ast-types": "0.9.6",
        "esprima": "3.1.3",
        "private": "0.1.8",
        "source-map": "0.5.7"
      },
      "dependencies": {
        "ast-types": {
          "version": "0.9.6",
          "resolved": "https://npm.apple.com/ast-types/-/ast-types-0.9.6.tgz",
          "integrity": "sha1-ECyenpAF0+fjgpvwxPok7oYu6bk="
        },
        "source-map": {
          "version": "0.5.7",
          "resolved": "https://npm.apple.com/source-map/-/source-map-0.5.7.tgz",
          "integrity": "sha1-igOdLRAh0i0eoUyA2OpGi6LvP8w="
        }
      }
    },
    "regenerate": {
      "version": "1.4.0",
      "resolved": "https://npm.apple.com/regenerate/-/regenerate-1.4.0.tgz",
      "integrity": "sha1-SoVuxLVuQHfFV1icroXnpMiGmhE="
    },
    "regenerator-babel": {
      "version": "0.8.13-2",
      "resolved": "https://npm.apple.com/regenerator-babel/-/regenerator-babel-0.8.13-2.tgz",
      "integrity": "sha1-HAdf9SQgjpNZFBkYCNB5j9j7xOU=",
      "requires": {
        "ast-types": "0.7.8",
        "commoner": "0.10.8",
        "private": "0.1.8",
        "through": "2.3.8"
      }
    },
    "regexp-clone": {
      "version": "0.0.1",
      "resolved": "https://npm.apple.com/regexp-clone/-/regexp-clone-0.0.1.tgz",
      "integrity": "sha1-p8LgmJH9vzj7sQ03b7cwA+aKxYk="
    },
    "regexpu": {
      "version": "1.3.0",
      "resolved": "https://npm.apple.com/regexpu/-/regexpu-1.3.0.tgz",
      "integrity": "sha1-5TTcmRqeWEYFDJjebX3UpVyeoW0=",
      "requires": {
        "esprima": "2.7.3",
        "recast": "0.10.43",
        "regenerate": "1.4.0",
        "regjsgen": "0.2.0",
        "regjsparser": "0.1.5"
      },
      "dependencies": {
        "ast-types": {
          "version": "0.8.15",
          "resolved": "https://npm.apple.com/ast-types/-/ast-types-0.8.15.tgz",
          "integrity": "sha1-ju8IJ/BN/w7IhXupJavj/qYZTlI="
        },
        "esprima": {
          "version": "2.7.3",
          "resolved": "https://npm.apple.com/esprima/-/esprima-2.7.3.tgz",
          "integrity": "sha1-luO3DVd59q1JzQMmc9HDEnZ7pYE="
        },
        "recast": {
          "version": "0.10.43",
          "resolved": "https://npm.apple.com/recast/-/recast-0.10.43.tgz",
          "integrity": "sha1-uV1Q9tYHYaX2JS4V2AZ4FoSRzn8=",
          "requires": {
            "ast-types": "0.8.15",
            "esprima-fb": "15001.1001.0-dev-harmony-fb",
            "private": "0.1.8",
            "source-map": "0.5.7"
          },
          "dependencies": {
            "esprima-fb": {
              "version": "15001.1001.0-dev-harmony-fb",
              "resolved": "https://npm.apple.com/esprima-fb/-/esprima-fb-15001.1001.0-dev-harmony-fb.tgz",
              "integrity": "sha1-Q761fsJujPI3092LM+QlM1d/Jlk="
            }
          }
        },
        "source-map": {
          "version": "0.5.7",
          "resolved": "https://npm.apple.com/source-map/-/source-map-0.5.7.tgz",
          "integrity": "sha1-igOdLRAh0i0eoUyA2OpGi6LvP8w="
        }
      }
    },
    "regjsgen": {
      "version": "0.2.0",
      "resolved": "https://npm.apple.com/regjsgen/-/regjsgen-0.2.0.tgz",
      "integrity": "sha1-bAFq3qxVT3WCP+N6wFuS1aTtsfc="
    },
    "regjsparser": {
      "version": "0.1.5",
      "resolved": "https://npm.apple.com/regjsparser/-/regjsparser-0.1.5.tgz",
      "integrity": "sha1-fuj4Tcb6eS0/0K4ijSS9lJ6tIFw=",
      "requires": {
        "jsesc": "0.5.0"
      }
    },
    "repeating": {
      "version": "1.1.3",
      "resolved": "https://npm.apple.com/repeating/-/repeating-1.1.3.tgz",
      "integrity": "sha1-PUEUIYh3U3SU+X93+Xhfq4EPpKw=",
      "requires": {
        "is-finite": "1.0.2"
      }
    },
    "require_optional": {
      "version": "1.0.1",
      "resolved": "https://npm.apple.com/require_optional/-/require_optional-1.0.1.tgz",
      "integrity": "sha1-TPNaQkf2TKPfjC7yCMxJSxyo/C4=",
      "requires": {
        "resolve-from": "2.0.0",
        "semver": "5.5.0"
      }
    },
    "resolve-from": {
      "version": "2.0.0",
      "resolved": "https://npm.apple.com/resolve-from/-/resolve-from-2.0.0.tgz",
      "integrity": "sha1-lICrIOlP+h2egKgEx+oUdhGWa1c="
    },
    "safe-buffer": {
      "version": "5.1.1",
      "resolved": "https://npm.apple.com/safe-buffer/-/safe-buffer-5.1.1.tgz",
      "integrity": "sha1-iTMSr2myEj3vcfV4iQAWce6yyFM="
    },
    "saslprep": {
      "version": "1.0.0",
      "resolved": "https://npm.apple.com/saslprep/-/saslprep-1.0.0.tgz",
      "integrity": "sha1-LElooL+/JJUwzVl7xihwzNS0GiQ=",
      "optional": true
    },
    "semver": {
      "version": "5.5.0",
      "resolved": "https://npm.apple.com/semver/-/semver-5.5.0.tgz",
      "integrity": "sha1-3Eu8emyp2Rbe5dQ1FvAJK1j3uKs="
    },
    "send": {
      "version": "0.16.2",
      "resolved": "https://npm.apple.com/send/-/send-0.16.2.tgz",
      "integrity": "sha1-bsyh4PjBVtFBWXVZhI32RzCmu8E=",
      "requires": {
        "debug": "2.6.9",
        "depd": "1.1.2",
        "destroy": "1.0.4",
        "encodeurl": "1.0.2",
        "escape-html": "1.0.3",
        "etag": "1.8.1",
        "fresh": "0.5.2",
        "http-errors": "1.6.3",
        "mime": "1.4.1",
        "ms": "2.0.0",
        "on-finished": "2.3.0",
        "range-parser": "1.2.0",
        "statuses": "1.4.0"
      }
    },
    "serve-static": {
      "version": "1.13.2",
      "resolved": "https://npm.apple.com/serve-static/-/serve-static-1.13.2.tgz",
      "integrity": "sha1-CV6Ecv1bRiN9tQzkhqQ/S4bGzsE=",
      "requires": {
        "encodeurl": "1.0.2",
        "escape-html": "1.0.3",
        "parseurl": "1.3.2",
        "send": "0.16.2"
      }
    },
    "setprototypeof": {
      "version": "1.1.0",
      "resolved": "https://npm.apple.com/setprototypeof/-/setprototypeof-1.1.0.tgz",
      "integrity": "sha1-0L2FU2iHtv58DYGMuWLZ2RxU5lY="
    },
    "shebang-regex": {
      "version": "1.0.0",
      "resolved": "https://npm.apple.com/shebang-regex/-/shebang-regex-1.0.0.tgz",
      "integrity": "sha1-2kL0l0DAtC2yypcoVxyxkMmO/qM="
    },
    "sigmund": {
      "version": "1.0.1",
      "resolved": "https://npm.apple.com/sigmund/-/sigmund-1.0.1.tgz",
      "integrity": "sha1-P/IfGYytIXX587eBhT/ZTQ0ZtZA="
    },
    "slash": {
      "version": "1.0.0",
      "resolved": "https://npm.apple.com/slash/-/slash-1.0.0.tgz",
      "integrity": "sha1-xB8vbDn8FtHNF61LXYlhFK5HDVU="
    },
    "sliced": {
      "version": "1.0.1",
      "resolved": "https://npm.apple.com/sliced/-/sliced-1.0.1.tgz",
      "integrity": "sha1-CzpmK10Ewxd7GSa+qCsD+Dei70E="
    },
    "source-map": {
      "version": "0.4.4",
      "resolved": "https://npm.apple.com/source-map/-/source-map-0.4.4.tgz",
      "integrity": "sha1-66T12pwNyZneaAMti092FzZSA2s=",
      "requires": {
        "amdefine": "1.0.1"
      }
    },
    "source-map-support": {
      "version": "0.2.10",
      "resolved": "https://npm.apple.com/source-map-support/-/source-map-support-0.2.10.tgz",
      "integrity": "sha1-6lo5AKHByyUJagrozFwrSxDe09w=",
      "requires": {
        "source-map": "0.1.32"
      },
      "dependencies": {
        "source-map": {
          "version": "0.1.32",
          "resolved": "https://npm.apple.com/source-map/-/source-map-0.1.32.tgz",
          "integrity": "sha1-yLbBZ3l7pHQKjqMyUhYv8IWRsmY=",
          "requires": {
            "amdefine": "1.0.1"
          }
        }
      }
    },
    "stack-trace": {
      "version": "0.0.10",
      "resolved": "https://registry.npmjs.org/stack-trace/-/stack-trace-0.0.10.tgz",
      "integrity": "sha1-VHxws0fo0ytOEI6hoqFZ5f3eGcA="
    },
    "statuses": {
      "version": "1.4.0",
      "resolved": "https://npm.apple.com/statuses/-/statuses-1.4.0.tgz",
      "integrity": "sha1-u3PURtonlhBu/MG2AaJT1sRr0Ic="
    },
    "string_decoder": {
      "version": "0.10.31",
      "resolved": "https://npm.apple.com/string_decoder/-/string_decoder-0.10.31.tgz",
      "integrity": "sha1-YuIDvEF2bGwoyfyEMB2rHFMQ+pQ="
    },
    "strip-ansi": {
      "version": "3.0.1",
      "resolved": "https://npm.apple.com/strip-ansi/-/strip-ansi-3.0.1.tgz",
      "integrity": "sha1-ajhfuIU9lS1f8F0Oiq+UJ43GPc8=",
      "requires": {
        "ansi-regex": "2.1.1"
      }
    },
    "supports-color": {
      "version": "5.4.0",
      "resolved": "https://npm.apple.com/supports-color/-/supports-color-5.4.0.tgz",
      "integrity": "sha1-HGszdALCE3YF7+GfEP7DkPb6q1Q=",
      "requires": {
        "has-flag": "3.0.0"
      }
    },
    "text-hex": {
      "version": "0.0.0",
      "resolved": "https://registry.npmjs.org/text-hex/-/text-hex-0.0.0.tgz",
      "integrity": "sha1-V4+8haapJjbkLdF7QdAhjM6esrM="
    },
    "through": {
      "version": "2.3.8",
      "resolved": "https://npm.apple.com/through/-/through-2.3.8.tgz",
      "integrity": "sha1-DdTJ/6q8NXlgsbckEV1+Doai4fU="
    },
    "to-fast-properties": {
      "version": "1.0.3",
      "resolved": "https://npm.apple.com/to-fast-properties/-/to-fast-properties-1.0.3.tgz",
      "integrity": "sha1-uDVx+k2MJbguIxsG46MFXeTKGkc="
    },
    "trim-right": {
      "version": "1.0.1",
      "resolved": "https://npm.apple.com/trim-right/-/trim-right-1.0.1.tgz",
      "integrity": "sha1-yy4SAwZ+DI3h9hQJS5/kVwTqYAM="
    },
    "triple-beam": {
      "version": "1.3.0",
      "resolved": "https://registry.npmjs.org/triple-beam/-/triple-beam-1.3.0.tgz",
      "integrity": "sha512-XrHUvV5HpdLmIj4uVMxHggLbFSZYIn7HEWsqePZcI50pco+MPqJ50wMGY794X7AOOhxOBAjbkqfAbEe/QMp2Lw=="
    },
    "type-is": {
      "version": "1.6.16",
      "resolved": "https://npm.apple.com/type-is/-/type-is-1.6.16.tgz",
      "integrity": "sha1-+JzjQVQcZysl7nrjxz3uOyvlAZQ=",
      "requires": {
        "media-typer": "0.3.0",
        "mime-types": "2.1.18"
      }
    },
    "unpipe": {
      "version": "1.0.0",
      "resolved": "https://npm.apple.com/unpipe/-/unpipe-1.0.0.tgz",
      "integrity": "sha1-sr9O6FFKrmFltIF4KdIbLvSZBOw="
    },
    "util-deprecate": {
      "version": "1.0.2",
      "resolved": "https://registry.npmjs.org/util-deprecate/-/util-deprecate-1.0.2.tgz",
      "integrity": "sha1-RQ1Nyfpw3nMnYvvS1KKJgUGaDM8="
    },
    "utils-merge": {
      "version": "1.0.1",
      "resolved": "https://npm.apple.com/utils-merge/-/utils-merge-1.0.1.tgz",
      "integrity": "sha1-n5VxD1CiZ5R7LMwSR0HBAoQn5xM="
    },
    "vary": {
      "version": "1.1.2",
      "resolved": "https://npm.apple.com/vary/-/vary-1.1.2.tgz",
      "integrity": "sha1-IpnwLG3tMNSllhsLn3RSShj2NPw="
    },
    "winston": {
      "version": "3.0.0",
      "resolved": "https://registry.npmjs.org/winston/-/winston-3.0.0.tgz",
      "integrity": "sha512-7QyfOo1PM5zGL6qma6NIeQQMh71FBg/8fhkSAePqtf5YEi6t+UrPDcUuHhuuUasgso49ccvMEsmqr0GBG2qaMQ==",
      "requires": {
        "async": "2.6.1",
        "diagnostics": "1.1.0",
        "is-stream": "1.1.0",
        "logform": "1.9.1",
        "one-time": "0.0.4",
        "readable-stream": "2.3.6",
        "stack-trace": "0.0.10",
        "triple-beam": "1.3.0",
        "winston-transport": "4.2.0"
      },
      "dependencies": {
        "isarray": {
          "version": "1.0.0",
          "resolved": "https://registry.npmjs.org/isarray/-/isarray-1.0.0.tgz",
          "integrity": "sha1-u5NdSFgsuhaMBoNJV6VKPgcSTxE="
        },
        "readable-stream": {
          "version": "2.3.6",
          "resolved": "https://registry.npmjs.org/readable-stream/-/readable-stream-2.3.6.tgz",
          "integrity": "sha512-tQtKA9WIAhBF3+VLAseyMqZeBjW0AHJoxOtYqSUZNJxauErmLbVm2FW1y+J/YA9dUrAC39ITejlZWhVIwawkKw==",
          "requires": {
            "core-util-is": "1.0.2",
            "inherits": "2.0.3",
            "isarray": "1.0.0",
            "process-nextick-args": "2.0.0",
            "safe-buffer": "5.1.1",
            "string_decoder": "1.1.1",
            "util-deprecate": "1.0.2"
          }
        },
        "string_decoder": {
          "version": "1.1.1",
          "resolved": "https://registry.npmjs.org/string_decoder/-/string_decoder-1.1.1.tgz",
          "integrity": "sha512-n/ShnvDi6FHbbVfviro+WojiFzv+s8MPMHBczVePfUpDJLwoLT0ht1l4YwBCbi8pJAveEEdnkHyPyTP/mzRfwg==",
          "requires": {
            "safe-buffer": "5.1.1"
          }
        }
      }
    },
    "winston-transport": {
      "version": "4.2.0",
      "resolved": "https://registry.npmjs.org/winston-transport/-/winston-transport-4.2.0.tgz",
      "integrity": "sha512-0R1bvFqxSlK/ZKTH86nymOuKv/cT1PQBMuDdA7k7f0S9fM44dNH6bXnuxwXPrN8lefJgtZq08BKdyZ0DZIy/rg==",
      "requires": {
        "readable-stream": "2.3.6",
        "triple-beam": "1.3.0"
      },
      "dependencies": {
        "isarray": {
          "version": "1.0.0",
          "resolved": "https://registry.npmjs.org/isarray/-/isarray-1.0.0.tgz",
          "integrity": "sha1-u5NdSFgsuhaMBoNJV6VKPgcSTxE="
        },
        "readable-stream": {
          "version": "2.3.6",
          "resolved": "https://registry.npmjs.org/readable-stream/-/readable-stream-2.3.6.tgz",
          "integrity": "sha512-tQtKA9WIAhBF3+VLAseyMqZeBjW0AHJoxOtYqSUZNJxauErmLbVm2FW1y+J/YA9dUrAC39ITejlZWhVIwawkKw==",
          "requires": {
            "core-util-is": "1.0.2",
            "inherits": "2.0.3",
            "isarray": "1.0.0",
            "process-nextick-args": "2.0.0",
            "safe-buffer": "5.1.1",
            "string_decoder": "1.1.1",
            "util-deprecate": "1.0.2"
          }
        },
        "string_decoder": {
          "version": "1.1.1",
          "resolved": "https://registry.npmjs.org/string_decoder/-/string_decoder-1.1.1.tgz",
          "integrity": "sha512-n/ShnvDi6FHbbVfviro+WojiFzv+s8MPMHBczVePfUpDJLwoLT0ht1l4YwBCbi8pJAveEEdnkHyPyTP/mzRfwg==",
          "requires": {
            "safe-buffer": "5.1.1"
          }
        }
      }
    },
    "wrappy": {
      "version": "1.0.2",
      "resolved": "https://npm.apple.com/wrappy/-/wrappy-1.0.2.tgz",
      "integrity": "sha1-tSQ9jz7BqjXxNkYFvA0QNuMKtp8="
    }
  }
}
